
Microsoft Visual Studio Solution File, Format Version 12.00
# Visual Studio Version 17
VisualStudioVersion = 17.8.34525.116
MinimumVisualStudioVersion = 10.0.40219.1
Project("{888888A0-9F3D-457C-B088-3A5042F75D52}") = "GetToTheTop", "GetToTheTop.pyproj", "{2DB61F91-EAE8-4DAB-9F99-6899B7BF44A0}"
EndProject
Global
	GlobalSection(SolutionConfigurationPlatforms) = preSolution
		Debug|Any CPU = Debug|Any CPU
		Release|Any CPU = Release|Any CPU
	EndGlobalSection
	GlobalSection(ProjectConfigurationPlatforms) = postSolution
		{2DB61F91-EAE8-4DAB-9F99-6899B7BF44A0}.Debug|Any CPU.ActiveCfg = Debug|Any CPU
		{2DB61F91-EAE8-4DAB-9F99-6899B7BF44A0}.Release|Any CPU.ActiveCfg = Release|Any CPU
	EndGlobalSection
	GlobalSection(SolutionProperties) = preSolution
		HideSolutionNode = FALSE
	EndGlobalSection
	GlobalSection(ExtensibilityGlobals) = postSolution
		SolutionGuid = {539035C4-7A12-481F-ABC1-56C2E462CE58}
	EndGlobalSection
EndGlobal
